# THIS IS AN AUTOGENERATED FILE. DO NOT EDIT THIS FILE DIRECTLY.
# yarn lockfile v1


"@babel/code-frame@^7.0.0":
  version "7.12.13"
  resolved "https://registry.yarnpkg.com/@babel/code-frame/-/code-frame-7.12.13.tgz#dcfc826beef65e75c50e21d3837d7d95798dd658"
  integrity sha512-HV1Cm0Q3ZrpCR93tkWOYiuYIgLxZXZFVG2VgK+MBWjUqZTundupbfx2aXarXuw5Ko5aMcjtJgbSs4vUGBS5v6g==
  dependencies:
    "@babel/highlight" "^7.12.13"

"@babel/helper-validator-identifier@^7.14.0":
  version "7.14.0"
  resolved "https://registry.yarnpkg.com/@babel/helper-validator-identifier/-/helper-validator-identifier-7.14.0.tgz#d26cad8a47c65286b15df1547319a5d0bcf27288"
  integrity sha512-V3ts7zMSu5lfiwWDVWzRDGIN+lnCEUdaXgtVHJgLb1rGaA6jMrtB9EmE7L18foXJIE8Un/A/h6NJfGQp/e1J4A==

"@babel/highlight@^7.12.13":
  version "7.14.0"
  resolved "https://registry.yarnpkg.com/@babel/highlight/-/highlight-7.14.0.tgz#3197e375711ef6bf834e67d0daec88e4f46113cf"
  integrity sha512-YSCOwxvTYEIMSGaBQb5kDDsCopDdiUGsqpatp3fOlI4+2HQSkTmEVWnVuySdAC5EWCqSWWTv0ib63RjR7dTBdg==
  dependencies:
    "@babel/helper-validator-identifier" "^7.14.0"
    chalk "^2.0.0"
    js-tokens "^4.0.0"

"@commitlint/cli@^21.0.0":
  version "21.0.1"
  resolved "https://registry.yarnpkg.com/@commitlint/cli/-/cli-21.0.1.tgz#34e77fca6f98cfa24fc03ce3e3060ac280828e63"
  integrity sha512-8vq10krmbJwBkvzXKhbs4o4JQEVscd3pqOlWuDUaDBwbeL694/P33UC29tZQFTAgPU9fVJ2+f2m3zw16yKWxHg==
  dependencies:
    "@commitlint/format" "^21.0.1"
    "@commitlint/lint" "^21.0.1"
    "@commitlint/load" "^21.0.1"
    "@commitlint/read" "^21.0.1"
    "@commitlint/types" "^21.0.1"
    tinyexec "^1.0.0"
    yargs "^18.0.0"

"@commitlint/config-conventional@^21.0.0":
  version "21.0.1"
  resolved "https://registry.yarnpkg.com/@commitlint/config-conventional/-/config-conventional-21.0.1.tgz#1934b26d3b08615719bf34283d30a09c1cf64e31"
  integrity sha512-gRorrkfWOh/+V5X8GYWWbQvrzPczopGMS4CCNrQdHkK4xWElv82BDvIsDhJZWTlI7TazOlYea6VATufCsFs+sw==
  dependencies:
    "@commitlint/types" "^21.0.1"
    conventional-changelog-conventionalcommits "^9.2.0"

"@commitlint/config-validator@^21.0.1":
  version "21.0.1"
  resolved "https://registry.yarnpkg.com/@commitlint/config-validator/-/config-validator-21.0.1.tgz#7ce75b734ee7e2ac65e4328bc970655d4655691f"
  integrity sha512-Zd2UFdndeMMaW2O96HK0tdfT4gOImUvidMpAd/pws2zZ4m1nrAZ/9b/v2JYuE8fs86GpXv9F7LNaIuCIWhY+pA==
  dependencies:
    "@commitlint/types" "^21.0.1"
    ajv "^8.11.0"

"@commitlint/ensure@^21.0.1":
  version "21.0.1"
  resolved "https://registry.yarnpkg.com/@commitlint/ensure/-/ensure-21.0.1.tgz#c178e597b7481284ac967c6d0221f9c54da9d63b"
  integrity sha512-jJ1037967wU7YN/xkv+iRlOBlmaOXPhPO5KQSqya6GyXzBlwuLzELBFao16DVg9dZyqmNrhewzwZ3SAibetHBQ==
  dependencies:
    "@commitlint/types" "^21.0.1"
    es-toolkit "^1.46.0"

"@commitlint/execute-rule@^21.0.1":
  version "21.0.1"
  resolved "https://registry.yarnpkg.com/@commitlint/execute-rule/-/execute-rule-21.0.1.tgz#3ebeee4d645527edfc3cf583ecbad92a4c28eddb"
  integrity sha512-RifH+FmImozKBE6mozhF4K3r2RRKP7SMi/Q/zLCmExtp5e05lhHOUYqGBlFBAGNHaZxU/WYw1XuugYK9jQzqnA==

"@commitlint/format@^21.0.1":
  version "21.0.1"
  resolved "https://registry.yarnpkg.com/@commitlint/format/-/format-21.0.1.tgz#bafc5bc3a80055ad27a1c4e244c675b56b820a8c"
  integrity sha512-ksmG2+cHGtuDPQQbhBbC4unwm444+6TiPw0d1bKf67hntgZqZ8E0g1MuYKUuyT5IH4IMmXZhKq22/Z3jBvtQIw==
  dependencies:
    "@commitlint/types" "^21.0.1"
    picocolors "^1.1.1"

"@commitlint/is-ignored@^21.0.1":
  version "21.0.1"
  resolved "https://registry.yarnpkg.com/@commitlint/is-ignored/-/is-ignored-21.0.1.tgz#c4889103c43b427a1fdea2089a18c25c09b395ef"
  integrity sha512-iNDP8SFdw8JEkM0CHZ2XFnhTN4Zg5jKUY2d8kBOSFrI2aA+3YJI7fcqVpfgbpJ9xtxFVYpi+DBATU5AvhoTq8g==
  dependencies:
    "@commitlint/types" "^21.0.1"
    semver "^7.6.0"

"@commitlint/lint@^21.0.1":
  version "21.0.1"
  resolved "https://registry.yarnpkg.com/@commitlint/lint/-/lint-21.0.1.tgz#49d9fa60321ab41f419fb52bdf003674b2fbaf8a"
  integrity sha512-gF+iYtUw1gBG3HUH9z3VxwUjGg2R2G5j+nmvPs8aIeYkiB7TtneBu3wO85I0bUl93bYNsvsCNI9Nte2fmDUMww==
  dependencies:
    "@commitlint/is-ignored" "^21.0.1"
    "@commitlint/parse" "^21.0.1"
    "@commitlint/rules" "^21.0.1"
    "@commitlint/types" "^21.0.1"

"@commitlint/load@^21.0.1":
  version "21.0.1"
  resolved "https://registry.yarnpkg.com/@commitlint/load/-/load-21.0.1.tgz#59e57cb00eecfd0e3b852b4905c19bebac85be97"
  integrity sha512-Btg1q1mKmiihN4W3x0EsPDrJMOQfMa9NIqlzlJyXAfxvsOGdGXOW5p3R3RcSxDCaY7JabY9flIl+Om1af3PSrw==
  dependencies:
    "@commitlint/config-validator" "^21.0.1"
    "@commitlint/execute-rule" "^21.0.1"
    "@commitlint/resolve-extends" "^21.0.1"
    "@commitlint/types" "^21.0.1"
    cosmiconfig "^9.0.1"
    cosmiconfig-typescript-loader "^6.1.0"
    es-toolkit "^1.46.0"
    is-plain-obj "^4.1.0"
    picocolors "^1.1.1"

"@commitlint/message@^21.0.1":
  version "21.0.1"
  resolved "https://registry.yarnpkg.com/@commitlint/message/-/message-21.0.1.tgz#5d4dce1659aa7121dc71ce46e3aa0c0d7c673534"
  integrity sha512-R3dVQeJQ0B6yqrZEjkUHD4r7UJYLV9Lvk2xs3PTOmtWk2G3mI6Xgc+YdRxL1PwcDfBiUjv2SkIkW4AUc976w1w==

"@commitlint/parse@^21.0.1":
  version "21.0.1"
  resolved "https://registry.yarnpkg.com/@commitlint/parse/-/parse-21.0.1.tgz#1920dc430187a90265a021545083f2b2b8ae565d"
  integrity sha512-oh/nCSOqdoeQNA1tO8aAmxkq5EBo8/NzcFQRvv66AWc9HpED28sL2iSicCKU6hPintWuscL6BJEWi77Wq1LPMQ==
  dependencies:
    "@commitlint/types" "^21.0.1"
    conventional-changelog-angular "^8.2.0"
    conventional-commits-parser "^6.3.0"

"@commitlint/read@^21.0.1":
  version "21.0.1"
  resolved "https://registry.yarnpkg.com/@commitlint/read/-/read-21.0.1.tgz#2a16409497dc1eb76e54edc663d58fe0503ac3a8"
  integrity sha512-pMEu4lbpC8W0ZgKJj2U6WaobXIZWdFlULpIEewYhkPXx+WZcnoO53YrVPc7QErQuNolq2Me8dP58Wu7YAVXVOA==
  dependencies:
    "@commitlint/top-level" "^21.0.1"
    "@commitlint/types" "^21.0.1"
    git-raw-commits "^5.0.0"
    tinyexec "^1.0.0"

"@commitlint/resolve-extends@^21.0.1":
  version "21.0.1"
  resolved "https://registry.yarnpkg.com/@commitlint/resolve-extends/-/resolve-extends-21.0.1.tgz#1c8d83fc81bb32ad25f602faddd82c52a97a433d"
  integrity sha512-0DhjYWL6uYrY16Efa032fYk3woGJDU4AGWiG1XXltT9AMUNYKyb5cIZU2ivbaMZ3+kKFqUjikD2cjh66Sbh/Sg==
  dependencies:
    "@commitlint/config-validator" "^21.0.1"
    "@commitlint/types" "^21.0.1"
    es-toolkit "^1.46.0"
    global-directory "^5.0.0"
    resolve-from "^5.0.0"

"@commitlint/rules@^21.0.1":
  version "21.0.1"
  resolved "https://registry.yarnpkg.com/@commitlint/rules/-/rules-21.0.1.tgz#f08157f0b557f7caaaee22349569cf003008b0eb"
  integrity sha512-VMooYpz4nJg7xlaUso6CCOWEz8D/ChkvsvZUMARcoJ1ZpfKPyFCGrHNha2tbsETNAb6ErgiRuCr2DvghrvPDYQ==
  dependencies:
    "@commitlint/ensure" "^21.0.1"
    "@commitlint/message" "^21.0.1"
    "@commitlint/to-lines" "^21.0.1"
    "@commitlint/types" "^21.0.1"

"@commitlint/to-lines@^21.0.1":
  version "21.0.1"
  resolved "https://registry.yarnpkg.com/@commitlint/to-lines/-/to-lines-21.0.1.tgz#9a76fcc634f2be2b5effcf67a2d69fcb4bdec9f8"
  integrity sha512-bd1BFII7p1EQZre9Kaj+kKaMFP3cFCdt21K7DItVux9XP5WjLgJ0/Uy1pJJh9aPwVJ6SKg62PxqlZaHI8hQAXw==

"@commitlint/top-level@^21.0.1":
  version "21.0.1"
  resolved "https://registry.yarnpkg.com/@commitlint/top-level/-/top-level-21.0.1.tgz#3514484d60b40c7a418635d5694b696dc5862042"
  integrity sha512-4esUYqzY7K0FCgcJ/1xWEZekV7Ch4yZT1+xjEb7KzqbJ05XEkxHVsTfC8ADKNNtlCE2pj98KEbPGZWw9WwEnVw==
  dependencies:
    escalade "^3.2.0"

"@commitlint/types@^21.0.1":
  version "21.0.1"
  resolved "https://registry.yarnpkg.com/@commitlint/types/-/types-21.0.1.tgz#c3a965f5ba89c7c3a04e421271b85de93c1bffc8"
  integrity sha512-4u7w8jcoCUFWhjWnASYzZHAP34OqOtuFBN87nQmFvqda03YU0T6z+yB4w0gSAMpekiRqqGk5rt+qSlW+a2vSEg==
  dependencies:
    conventional-commits-parser "^6.3.0"
    picocolors "^1.1.1"

"@conventional-changelog/git-client@^2.6.0":
  version "2.7.0"
  resolved "https://registry.yarnpkg.com/@conventional-changelog/git-client/-/git-client-2.7.0.tgz#07ea8202fd822e71d32c54aaed08b2c5ae9cc7c2"
  integrity sha512-j7A8/LBEQ+3rugMzPXoKYzyUPpw/0CBQCyvtTR7Lmu4olG4yRC/Tfkq79Mr3yuPs0SUitlO2HwGP3gitMJnRFw==
  dependencies:
    "@simple-libs/child-process-utils" "^1.0.0"
    "@simple-libs/stream-utils" "^1.2.0"
    semver "^7.5.2"

"@pascaliske/prettier-config@^1.3.0":
  version "1.3.0"
  resolved "https://registry.yarnpkg.com/@pascaliske/prettier-config/-/prettier-config-1.3.0.tgz#69986e7b783c5b9542d0e3dccd91ad010965745c"
  integrity sha512-NkeyWlkAWR8igl8bds60WvmQrVdVKDhyMgrM0RcbFUmBpInGsPbQITIYqZwBrJgnhEHZTWgpxNtHc8ExQSX8eA==

"@simple-libs/child-process-utils@^1.0.0":
  version "1.0.2"
  resolved "https://registry.yarnpkg.com/@simple-libs/child-process-utils/-/child-process-utils-1.0.2.tgz#cb182d310c9bed3ace200b26258e090d898a1736"
  integrity sha512-/4R8QKnd/8agJynkNdJmNw2MBxuFTRcNFnE5Sg/G+jkSsV8/UBgULMzhizWWW42p8L5H7flImV2ATi79Ove2Tw==
  dependencies:
    "@simple-libs/stream-utils" "^1.2.0"

"@simple-libs/stream-utils@^1.2.0":
  version "1.2.0"
  resolved "https://registry.yarnpkg.com/@simple-libs/stream-utils/-/stream-utils-1.2.0.tgz#5af724b826f1ab4d7f2826d31d3efccec124102b"
  integrity sha512-KxXvfapcixpz6rVEB6HPjOUZT22yN6v0vI0urQSk1L8MlEWPDFCZkhw2xmkyoTGYeFw7tWTZd7e3lVzRZRN/EA==

ajv@^8.11.0:
  version "8.11.0"
  resolved "https://registry.yarnpkg.com/ajv/-/ajv-8.11.0.tgz#977e91dd96ca669f54a11e23e378e33b884a565f"
  integrity sha512-wGgprdCvMalC0BztXvitD2hC04YffAvtsUn93JbGXYLAtCUO4xd17mCCZQxUOItiBwZvJScWo8NIvQMQ71rdpg==
  dependencies:
    fast-deep-equal "^3.1.1"
    json-schema-traverse "^1.0.0"
    require-from-string "^2.0.2"
    uri-js "^4.2.2"

ansi-regex@^6.2.2:
  version "6.2.2"
  resolved "https://registry.yarnpkg.com/ansi-regex/-/ansi-regex-6.2.2.tgz#60216eea464d864597ce2832000738a0589650c1"
  integrity sha512-Bq3SmSpyFHaWjPk8If9yc6svM8c56dB5BAtW4Qbw5jHTwwXXcTLoRMkpDJp6VL0XzlWaCHTXrkFURMYmD0sLqg==

ansi-styles@^3.2.1:
  version "3.2.1"
  resolved "https://registry.yarnpkg.com/ansi-styles/-/ansi-styles-3.2.1.tgz#41fbb20243e50b12be0f04b8dedbf07520ce841d"
  integrity sha512-VT0ZI6kZRdTh8YyJw3SMbYm/u+NqfsAxEpWO0Pf9sq8/e94WxxOpPKx9FR1FlyCtOVDNOQ+8ntlqFxiRc+r5qA==
  dependencies:
    color-convert "^1.9.0"

ansi-styles@^6.2.1:
  version "6.2.3"
  resolved "https://registry.yarnpkg.com/ansi-styles/-/ansi-styles-6.2.3.tgz#c044d5dcc521a076413472597a1acb1f103c4041"
  integrity sha512-4Dj6M28JB+oAH8kFkTLUo+a2jwOFkuqb3yucU0CANcRRUbxS0cP0nZYCGjcc3BNXwRIsUVmDGgzawme7zvJHvg==

argparse@^2.0.1:
  version "2.0.1"
  resolved "https://registry.yarnpkg.com/argparse/-/argparse-2.0.1.tgz#246f50f3ca78a3240f6c997e8a9bd1eac49e4b38"
  integrity sha512-8+9WqebbFzpX9OR+Wa6O29asIogeRMzcGtAINdpMHHyAg10f05aSFVBbcEqGf/PXw1EjAZ+q2/bEBg3DvurK3Q==

array-ify@^1.0.0:
  version "1.0.0"
  resolved "https://registry.yarnpkg.com/array-ify/-/array-ify-1.0.0.tgz#9e528762b4a9066ad163a6962a364418e9626ece"
  integrity sha1-nlKHYrSpBmrRY6aWKjZEGOlibs4=

callsites@^3.0.0:
  version "3.1.0"
  resolved "https://registry.yarnpkg.com/callsites/-/callsites-3.1.0.tgz#b3630abd8943432f54b3f0519238e33cd7df2f73"
  integrity sha512-P8BjAsXvZS+VIDUI11hHCQEv74YT67YUi5JJFNWIqL235sBmjX4+qx9Muvls5ivyNENctx46xQLQ3aTuE7ssaQ==

chalk@^2.0.0:
  version "2.4.2"
  resolved "https://registry.yarnpkg.com/chalk/-/chalk-2.4.2.tgz#cd42541677a54333cf541a49108c1432b44c9424"
  integrity sha512-Mti+f9lpJNcwF4tWV8/OrTTtF1gZi+f8FqlyAdouralcFWFQWF2+NgCHShjkCb+IFBLq9buZwE1xckQU4peSuQ==
  dependencies:
    ansi-styles "^3.2.1"
    escape-string-regexp "^1.0.5"
    supports-color "^5.3.0"

cliui@^9.0.1:
  version "9.0.1"
  resolved "https://registry.yarnpkg.com/cliui/-/cliui-9.0.1.tgz#6f7890f386f6f1f79953adc1f78dec46fcc2d291"
  integrity sha512-k7ndgKhwoQveBL+/1tqGJYNz097I7WOvwbmmU2AR5+magtbjPWQTS1C5vzGkBC8Ym8UWRzfKUzUUqFLypY4Q+w==
  dependencies:
    string-width "^7.2.0"
    strip-ansi "^7.1.0"
    wrap-ansi "^9.0.0"

color-convert@^1.9.0:
  version "1.9.3"
  resolved "https://registry.yarnpkg.com/color-convert/-/color-convert-1.9.3.tgz#bb71850690e1f136567de629d2d5471deda4c1e8"
  integrity sha512-QfAUtd+vFdAtFQcC8CCyYt1fYWxSqAiK2cSD6zDB8N3cpsEBAvRxp9zOGg6G/SHHJYAT88/az/IuDGALsNVbGg==
  dependencies:
    color-name "1.1.3"

color-name@1.1.3:
  version "1.1.3"
  resolved "https://registry.yarnpkg.com/color-name/-/color-name-1.1.3.tgz#a7d0558bd89c42f795dd42328f740831ca53bc25"
  integrity sha1-p9BVi9icQveV3UIyj3QIMcpTvCU=

compare-func@^2.0.0:
  version "2.0.0"
  resolved "https://registry.yarnpkg.com/compare-func/-/compare-func-2.0.0.tgz#fb65e75edbddfd2e568554e8b5b05fff7a51fcb3"
  integrity sha512-zHig5N+tPWARooBnb0Zx1MFcdfpyJrfTJ3Y5L+IFvUm8rM74hHz66z0gw0x4tijh5CorKkKUCnW82R2vmpeCRA==
  dependencies:
    array-ify "^1.0.0"
    dot-prop "^5.1.0"

conventional-changelog-angular@^8.2.0:
  version "8.3.1"
  resolved "https://registry.yarnpkg.com/conventional-changelog-angular/-/conventional-changelog-angular-8.3.1.tgz#0b015e25ca7f2766a8c5352ab6488dcb76a9d881"
  integrity sha512-6gfI3otXK5Ph5DfCOI1dblr+kN3FAm5a97hYoQkqNZxOaYa5WKfXH+AnpsmS+iUH2mgVC2Cg2Qw9m5OKcmNrIg==
  dependencies:
    compare-func "^2.0.0"

conventional-changelog-conventionalcommits@^9.2.0:
  version "9.3.1"
  resolved "https://registry.yarnpkg.com/conventional-changelog-conventionalcommits/-/conventional-changelog-conventionalcommits-9.3.1.tgz#14f2dd65ccc5de09322a7eb0159f3e0259d7399c"
  integrity sha512-dTYtpIacRpcZgrvBYvBfArMmK2xvIpv2TaxM0/ZI5CBtNUzvF2x0t15HsbRABWprS6UPmvj+PzHVjSx4qAVKyw==
  dependencies:
    compare-func "^2.0.0"

conventional-commits-parser@^6.3.0:
  version "6.4.0"
  resolved "https://registry.yarnpkg.com/conventional-commits-parser/-/conventional-commits-parser-6.4.0.tgz#8ac1c12ec467354ed4d73ec940efe380e1e83686"
  integrity sha512-tvRg7FIBNlyPzjdG8wWRlPHQJJHI7DylhtRGeU9Lq+JuoPh5BKpPRX83ZdLrvXuOSu5Eo/e7SzOQhU4Hd2Miuw==
  dependencies:
    "@simple-libs/stream-utils" "^1.2.0"
    meow "^13.0.0"

cosmiconfig-typescript-loader@^6.1.0:
  version "6.2.0"
  resolved "https://registry.yarnpkg.com/cosmiconfig-typescript-loader/-/cosmiconfig-typescript-loader-6.2.0.tgz#26399fa92e9569052062846afd038c94628f0f69"
  integrity sha512-GEN39v7TgdxgIoNcdkRE3uiAzQt3UXLyHbRHD6YoL048XAeOomyxaP+Hh/+2C6C2wYjxJ2onhJcsQp+L4YEkVQ==
  dependencies:
    jiti "^2.6.1"

cosmiconfig@^9.0.1:
  version "9.0.1"
  resolved "https://registry.yarnpkg.com/cosmiconfig/-/cosmiconfig-9.0.1.tgz#df110631a8547b5d1a98915271986f06e3011379"
  integrity sha512-hr4ihw+DBqcvrsEDioRO31Z17x71pUYoNe/4h6Z0wB72p7MU7/9gH8Q3s12NFhHPfYBBOV3qyfUxmr/Yn3shnQ==
  dependencies:
    env-paths "^2.2.1"
    import-fresh "^3.3.0"
    js-yaml "^4.1.0"
    parse-json "^5.2.0"

dot-prop@^5.1.0:
  version "5.3.0"
  resolved "https://registry.yarnpkg.com/dot-prop/-/dot-prop-5.3.0.tgz#90ccce708cd9cd82cc4dc8c3ddd9abdd55b20e88"
  integrity sha512-QM8q3zDe58hqUqjraQOmzZ1LIH9SWQJTlEKCH4kJ2oQvLZk7RbQXvtDM2XEq3fwkV9CCvvH4LA0AV+ogFsBM2Q==
  dependencies:
    is-obj "^2.0.0"

emoji-regex@^10.3.0:
  version "10.6.0"
  resolved "https://registry.yarnpkg.com/emoji-regex/-/emoji-regex-10.6.0.tgz#bf3d6e8f7f8fd22a65d9703475bc0147357a6b0d"
  integrity sha512-toUI84YS5YmxW219erniWD0CIVOo46xGKColeNQRgOzDorgBi1v4D71/OFzgD9GO2UGKIv1C3Sp8DAn0+j5w7A==

env-paths@^2.2.1:
  version "2.2.1"
  resolved "https://registry.yarnpkg.com/env-paths/-/env-paths-2.2.1.tgz#420399d416ce1fbe9bc0a07c62fa68d67fd0f8f2"
  integrity sha512-+h1lkLKhZMTYjog1VEpJNG7NZJWcuc2DDk/qsqSTRRCOXiLjeQ1d1/udrUGhqMxUgAlwKNZ0cf2uqan5GLuS2A==

error-ex@^1.3.1:
  version "1.3.2"
  resolved "https://registry.yarnpkg.com/error-ex/-/error-ex-1.3.2.tgz#b4ac40648107fdcdcfae242f428bea8a14d4f1bf"
  integrity sha512-7dFHNmqeFSEt2ZBsCriorKnn3Z2pj+fd9kmI6QoWw4//DL+icEBfc0U7qJCisqrTsKTjw4fNFy2pW9OqStD84g==
  dependencies:
    is-arrayish "^0.2.1"

es-toolkit@^1.46.0:
  version "1.46.1"
  resolved "https://registry.yarnpkg.com/es-toolkit/-/es-toolkit-1.46.1.tgz#38ca27191a98a867fc544b81cf1477a68947fb06"
  integrity sha512-5eNtXOs3tbfxXOj04tjjseeWkRWaoCjdEI+96DgwzZoe6c9juL49pXlzAFTI72aWC9Y8p7168g6XIKjh7k6pyQ==

escalade@^3.1.1:
  version "3.1.1"
  resolved "https://registry.yarnpkg.com/escalade/-/escalade-3.1.1.tgz#d8cfdc7000965c5a0174b4a82eaa5c0552742e40"
  integrity sha512-k0er2gUkLf8O0zKJiAhmkTnJlTvINGv7ygDNPbeIsX/TJjGJZHuh9B2UxbsaEkmlEo9MfhrSzmhIlhRlI2GXnw==

escalade@^3.2.0:
  version "3.2.0"
  resolved "https://registry.yarnpkg.com/escalade/-/escalade-3.2.0.tgz#011a3f69856ba189dffa7dc8fcce99d2a87903e5"
  integrity sha512-WUj2qlxaQtO4g6Pq5c29GTcWGDyd8itL8zTlipgECz3JesAiiOKotd8JU6otB3PACgG6xkJUyVhboMS+bje/jA==

escape-string-regexp@^1.0.5:
  version "1.0.5"
  resolved "https://registry.yarnpkg.com/escape-string-regexp/-/escape-string-regexp-1.0.5.tgz#1b61c0562190a8dff6ae3bb2cf0200ca130b86d4"
  integrity sha1-G2HAViGQqN/2rjuyzwIAyhMLhtQ=

fast-deep-equal@^3.1.1:
  version "3.1.3"
  resolved "https://registry.yarnpkg.com/fast-deep-equal/-/fast-deep-equal-3.1.3.tgz#3a7d56b559d6cbc3eb512325244e619a65c6c525"
  integrity sha512-f3qQ9oQy9j2AhBe/H9VC91wLmKBCCU/gDOnKNAYG5hswO7BLKj09Hc5HYNz9cGI++xlpDCIgDaitVs03ATR84Q==

get-caller-file@^2.0.5:
  version "2.0.5"
  resolved "https://registry.yarnpkg.com/get-caller-file/-/get-caller-file-2.0.5.tgz#4f94412a82db32f36e3b0b9741f8a97feb031f7e"
  integrity sha512-DyFP3BM/3YHTQOCUL/w0OZHR0lpKeGrxotcHWcqNEdnltqFwXVfhEBQ94eIo34AfQpo0rGki4cyIiftY06h2Fg==

get-east-asian-width@^1.0.0:
  version "1.6.0"
  resolved "https://registry.yarnpkg.com/get-east-asian-width/-/get-east-asian-width-1.6.0.tgz#216900f91df11a8b2c198c3e1d93d6c035a776b9"
  integrity sha512-QRbvDIbx6YklUe6RxeTeleMR0yv3cYH6PsPZHcnVn7xv7zO1BHN8r0XETu8n6Ye3Q+ahtSarc3WgtNWmehIBfA==

git-raw-commits@^5.0.0:
  version "5.0.1"
  resolved "https://registry.yarnpkg.com/git-raw-commits/-/git-raw-commits-5.0.1.tgz#e91d8fd4e3a264142166956fe1a23d08c069657e"
  integrity sha512-Y+csSm2GD/PCSh6Isd/WiMjNAydu0VBiG9J7EdQsNA5P9uXvLayqjmTsNlK5Gs9IhblFZqOU0yid5Il5JPoLiQ==
  dependencies:
    "@conventional-changelog/git-client" "^2.6.0"
    meow "^13.0.0"

global-directory@^5.0.0:
  version "5.0.0"
  resolved "https://registry.yarnpkg.com/global-directory/-/global-directory-5.0.0.tgz#0f66a94212acd0f81ee838d0a991e88d1c2836cf"
  integrity sha512-1pgFdhK3J2LeM+dVf2Pd424yHx2ou338lC0ErNP2hPx4j8eW1Sp0XqSjNxtk6Tc4Kr5wlWtSvz8cn2yb7/SG/w==
  dependencies:
    ini "6.0.0"

has-flag@^3.0.0:
  version "3.0.0"
  resolved "https://registry.yarnpkg.com/has-flag/-/has-flag-3.0.0.tgz#b5d454dc2199ae225699f3467e5a07f3b955bafd"
  integrity sha1-tdRU3CGZriJWmfNGfloH87lVuv0=

husky@^9.0.0:
  version "9.0.6"
  resolved "https://registry.yarnpkg.com/husky/-/husky-9.0.6.tgz#cee0245d60480b12279cf492ec6cfc1aeb7fa759"
  integrity sha512-EEuw/rfTiMjOfuL7pGO/i9otg1u36TXxqjIA6D9qxVjd/UXoDOsLor/BSFf5hTK50shwzCU3aVVwdXDp/lp7RA==

import-fresh@^3.3.0:
  version "3.3.0"
  resolved "https://registry.yarnpkg.com/import-fresh/-/import-fresh-3.3.0.tgz#37162c25fcb9ebaa2e6e53d5b4d88ce17d9e0c2b"
  integrity sha512-veYYhQa+D1QBKznvhUHxb8faxlrwUnxseDAbAp457E0wLNio2bOSKnjYDhMj+YiAq61xrMGhQk9iXVk5FzgQMw==
  dependencies:
    parent-module "^1.0.0"
    resolve-from "^4.0.0"

ini@6.0.0:
  version "6.0.0"
  resolved "https://registry.yarnpkg.com/ini/-/ini-6.0.0.tgz#efc7642b276f6a37d22fdf56ef50889d7146bf30"
  integrity sha512-IBTdIkzZNOpqm7q3dRqJvMaldXjDHWkEDfrwGEQTs5eaQMWV+djAhR+wahyNNMAa+qpbDUhBMVt4ZKNwpPm7xQ==

is-arrayish@^0.2.1:
  version "0.2.1"
  resolved "https://registry.yarnpkg.com/is-arrayish/-/is-arrayish-0.2.1.tgz#77c99840527aa8ecb1a8ba697b80645a7a926a9d"
  integrity sha1-d8mYQFJ6qOyxqLppe4BkWnqSap0=

is-obj@^2.0.0:
  version "2.0.0"
  resolved "https://registry.yarnpkg.com/is-obj/-/is-obj-2.0.0.tgz#473fb05d973705e3fd9620545018ca8e22ef4982"
  integrity sha512-drqDG3cbczxxEJRoOXcOjtdp1J/lyp1mNn0xaznRs8+muBhgQcrnbspox5X5fOw0HnMnbfDzvnEMEtqDEJEo8w==

is-plain-obj@^4.1.0:
  version "4.1.0"
  resolved "https://registry.yarnpkg.com/is-plain-obj/-/is-plain-obj-4.1.0.tgz#d65025edec3657ce032fd7db63c97883eaed71f0"
  integrity sha512-+Pgi+vMuUNkJyExiMBt5IlFoMyKnr5zhJ4Uspz58WOhBF5QoIZkFyNHIbBAtHwzVAgk5RtndVNsDRN61/mmDqg==

jiti@^2.6.1:
  version "2.6.1"
  resolved "https://registry.yarnpkg.com/jiti/-/jiti-2.6.1.tgz#178ef2fc9a1a594248c20627cd820187a4d78d92"
  integrity sha512-ekilCSN1jwRvIbgeg/57YFh8qQDNbwDb9xT/qu2DAHbFFZUicIl4ygVaAvzveMhMVr3LnpSKTNnwt8PoOfmKhQ==

js-tokens@^4.0.0:
  version "4.0.0"
  resolved "https://registry.yarnpkg.com/js-tokens/-/js-tokens-4.0.0.tgz#19203fb59991df98e3a287050d4647cdeaf32499"
  integrity sha512-RdJUflcE3cUzKiMqQgsCu06FPu9UdIJO0beYbPhHN4k6apgJtifcoCtT9bcxOpYBtpD2kCM6Sbzg4CausW/PKQ==

js-yaml@^4.1.0:
  version "4.1.1"
  resolved "https://registry.yarnpkg.com/js-yaml/-/js-yaml-4.1.1.tgz#854c292467705b699476e1a2decc0c8a3458806b"
  integrity sha512-qQKT4zQxXl8lLwBtHMWwaTcGfFOZviOJet3Oy/xmGk2gZH677CJM9EvtfdSkgWcATZhj/55JZ0rmy3myCT5lsA==
  dependencies:
    argparse "^2.0.1"

json-parse-even-better-errors@^2.3.0:
  version "2.3.1"
  resolved "https://registry.yarnpkg.com/json-parse-even-better-errors/-/json-parse-even-better-errors-2.3.1.tgz#7c47805a94319928e05777405dc12e1f7a4ee02d"
  integrity sha512-xyFwyhro/JEof6Ghe2iz2NcXoj2sloNsWr/XsERDK/oiPCfaNhl5ONfp+jQdAZRQQ0IJWNzH9zIZF7li91kh2w==

json-schema-traverse@^1.0.0:
  version "1.0.0"
  resolved "https://registry.yarnpkg.com/json-schema-traverse/-/json-schema-traverse-1.0.0.tgz#ae7bcb3656ab77a73ba5c49bf654f38e6b6860e2"
  integrity sha512-NM8/P9n3XjXhIZn1lLhkFaACTOURQXjWhV4BA/RnOv8xvgqtqpAX9IO4mRQxSx1Rlo4tqzeqb0sOlruaOy3dug==

lines-and-columns@^1.1.6:
  version "1.1.6"
  resolved "https://registry.yarnpkg.com/lines-and-columns/-/lines-and-columns-1.1.6.tgz#1c00c743b433cd0a4e80758f7b64a57440d9ff00"
  integrity sha1-HADHQ7QzzQpOgHWPe2SldEDZ/wA=

lru-cache@^6.0.0:
  version "6.0.0"
  resolved "https://registry.yarnpkg.com/lru-cache/-/lru-cache-6.0.0.tgz#6d6fe6570ebd96aaf90fcad1dafa3b2566db3a94"
  integrity sha512-Jo6dJ04CmSjuznwJSS3pUeWmd/H0ffTlkXXgwZi+eq1UCmqQwCh+eLsYOYCwY991i2Fah4h1BEMCx4qThGbsiA==
  dependencies:
    yallist "^4.0.0"

meow@^13.0.0:
  version "13.2.0"
  resolved "https://registry.yarnpkg.com/meow/-/meow-13.2.0.tgz#6b7d63f913f984063b3cc261b6e8800c4cd3474f"
  integrity sha512-pxQJQzB6djGPXh08dacEloMFopsOqGVRKFPYvPOt9XDZ1HasbgDZA74CJGreSU4G3Ak7EFJGoiH2auq+yXISgA==

parent-module@^1.0.0:
  version "1.0.1"
  resolved "https://registry.yarnpkg.com/parent-module/-/parent-module-1.0.1.tgz#691d2709e78c79fae3a156622452d00762caaaa2"
  integrity sha512-GQ2EWRpQV8/o+Aw8YqtfZZPfNRWZYkbidE9k5rpl/hC3vtHHBfGm2Ifi6qWV+coDGkrUKZAxE3Lot5kcsRlh+g==
  dependencies:
    callsites "^3.0.0"

parse-json@^5.2.0:
  version "5.2.0"
  resolved "https://registry.yarnpkg.com/parse-json/-/parse-json-5.2.0.tgz#c76fc66dee54231c962b22bcc8a72cf2f99753cd"
  integrity sha512-ayCKvm/phCGxOkYRSCM82iDwct8/EonSEgCSxWxD7ve6jHggsFl4fZVQBPRNgQoKiuV/odhFrGzQXZwbifC8Rg==
  dependencies:
    "@babel/code-frame" "^7.0.0"
    error-ex "^1.3.1"
    json-parse-even-better-errors "^2.3.0"
    lines-and-columns "^1.1.6"

picocolors@^1.1.1:
  version "1.1.1"
  resolved "https://registry.yarnpkg.com/picocolors/-/picocolors-1.1.1.tgz#3d321af3eab939b083c8f929a1d12cda81c26b6b"
  integrity sha512-xceH2snhtb5M9liqDsmEw56le376mTZkEX/jEb/RxNFyegNul7eNslCXP9FDj/Lcu0X8KEyMceP2ntpaHrDEVA==

punycode@^2.1.0:
  version "2.1.1"
  resolved "https://registry.yarnpkg.com/punycode/-/punycode-2.1.1.tgz#b58b010ac40c22c5657616c8d2c2c02c7bf479ec"
  integrity sha512-XRsRjdf+j5ml+y/6GKHPZbrF/8p2Yga0JPtdqTIY2Xe5ohJPD9saDJJLPvp9+NSBprVvevdXZybnj2cv8OEd0A==

require-from-string@^2.0.2:
  version "2.0.2"
  resolved "https://registry.yarnpkg.com/require-from-string/-/require-from-string-2.0.2.tgz#89a7fdd938261267318eafe14f9c32e598c36909"
  integrity sha512-Xf0nWe6RseziFMu+Ap9biiUbmplq6S9/p+7w7YXP/JBHhrUDDUhwa+vANyubuqfZWTveU//DYVGsDG7RKL/vEw==

resolve-from@^4.0.0:
  version "4.0.0"
  resolved "https://registry.yarnpkg.com/resolve-from/-/resolve-from-4.0.0.tgz#4abcd852ad32dd7baabfe9b40e00a36db5f392e6"
  integrity sha512-pb/MYmXstAkysRFx8piNI1tGFNQIFA3vkE3Gq4EuA1dF6gHp/+vgZqsCGJapvy8N3Q+4o7FwvquPJcnZ7RYy4g==

resolve-from@^5.0.0:
  version "5.0.0"
  resolved "https://registry.yarnpkg.com/resolve-from/-/resolve-from-5.0.0.tgz#c35225843df8f776df21c57557bc087e9dfdfc69"
  integrity sha512-qYg9KP24dD5qka9J47d0aVky0N+b4fTU89LN9iDnjB5waksiC49rvMB0PrUJQGoTmH50XPiqOvAjDfaijGxYZw==

semver@^7.5.2:
  version "7.8.0"
  resolved "https://registry.yarnpkg.com/semver/-/semver-7.8.0.tgz#ed0661039fcbcda2ce71f01fa6adbefaa77040df"
  integrity sha512-AcM7dV/5ul4EekoQ29Agm5vri8JNqRyj39o0qpX6vDF2GZrtutZl5RwgD1XnZjiTAfncsJhMI48QQH3sN87YNA==

semver@^7.6.0:
  version "7.6.0"
  resolved "https://registry.yarnpkg.com/semver/-/semver-7.6.0.tgz#1a46a4db4bffcccd97b743b5005c8325f23d4e2d"
  integrity sha512-EnwXhrlwXMk9gKu5/flx5sv/an57AkRplG3hTK68W7FRDN+k+OWBj65M7719OkA82XLBxrcX0KSHj+X5COhOVg==
  dependencies:
    lru-cache "^6.0.0"

string-width@^7.0.0, string-width@^7.2.0:
  version "7.2.0"
  resolved "https://registry.yarnpkg.com/string-width/-/string-width-7.2.0.tgz#b5bb8e2165ce275d4d43476dd2700ad9091db6dc"
  integrity sha512-tsaTIkKW9b4N+AEj+SVA+WhJzV7/zMhcSu78mLKWSk7cXMOSHsBKFWUs0fWwq8QyK3MgJBQRX6Gbi4kYbdvGkQ==
  dependencies:
    emoji-regex "^10.3.0"
    get-east-asian-width "^1.0.0"
    strip-ansi "^7.1.0"

strip-ansi@^7.1.0:
  version "7.2.0"
  resolved "https://registry.yarnpkg.com/strip-ansi/-/strip-ansi-7.2.0.tgz#d22a269522836a627af8d04b5c3fd2c7fa3e32e3"
  integrity sha512-yDPMNjp4WyfYBkHnjIRLfca1i6KMyGCtsVgoKe/z1+6vukgaENdgGBZt+ZmKPc4gavvEZ5OgHfHdrazhgNyG7w==
  dependencies:
    ansi-regex "^6.2.2"

supports-color@^5.3.0:
  version "5.5.0"
  resolved "https://registry.yarnpkg.com/supports-color/-/supports-color-5.5.0.tgz#e2e69a44ac8772f78a1ec0b35b689df6530efc8f"
  integrity sha512-QjVjwdXIt408MIiAqCX4oUKsgU2EqAGzs2Ppkm4aQYbjm+ZEWEcW4SfFNTr4uMNZma0ey4f5lgLrkB0aX0QMow==
  dependencies:
    has-flag "^3.0.0"

tinyexec@^1.0.0:
  version "1.0.1"
  resolved "https://registry.yarnpkg.com/tinyexec/-/tinyexec-1.0.1.tgz#70c31ab7abbb4aea0a24f55d120e5990bfa1e0b1"
  integrity sha512-5uC6DDlmeqiOwCPmK9jMSdOuZTh8bU39Ys6yidB+UTt5hfZUPGAypSgFRiEp+jbi9qH40BLDvy85jIU88wKSqw==

uri-js@^4.2.2:
  version "4.4.1"
  resolved "https://registry.yarnpkg.com/uri-js/-/uri-js-4.4.1.tgz#9b1a52595225859e55f669d928f88c6c57f2a77e"
  integrity sha512-7rKUyy33Q1yc98pQ1DAmLtwX109F7TIfWlW1Ydo8Wl1ii1SeHieeh0HHfPeL2fMXK6z0s8ecKs9frCuLJvndBg==
  dependencies:
    punycode "^2.1.0"

wrap-ansi@^9.0.0:
  version "9.0.2"
  resolved "https://registry.yarnpkg.com/wrap-ansi/-/wrap-ansi-9.0.2.tgz#956832dea9494306e6d209eb871643bb873d7c98"
  integrity sha512-42AtmgqjV+X1VpdOfyTGOYRi0/zsoLqtXQckTmqTeybT+BDIbM/Guxo7x3pE2vtpr1ok6xRqM9OpBe+Jyoqyww==
  dependencies:
    ansi-styles "^6.2.1"
    string-width "^7.0.0"
    strip-ansi "^7.1.0"

y18n@^5.0.5:
  version "5.0.8"
  resolved "https://registry.yarnpkg.com/y18n/-/y18n-5.0.8.tgz#7f4934d0f7ca8c56f95314939ddcd2dd91ce1d55"
  integrity sha512-0pfFzegeDWJHJIAmTLRP2DwHjdF5s7jo9tuztdQxAhINCdvS+3nGINqPd00AphqJR/0LhANUS6/+7SCb98YOfA==

yallist@^4.0.0:
  version "4.0.0"
  resolved "https://registry.yarnpkg.com/yallist/-/yallist-4.0.0.tgz#9bb92790d9c0effec63be73519e11a35019a3a72"
  integrity sha512-3wdGidZyq5PB084XLES5TpOSRA3wjXAlIWMhum2kRcv/41Sn2emQ0dycQW4uZXLejwKvg6EsvbdlVL+FYEct7A==

yargs-parser@^22.0.0:
  version "22.0.0"
  resolved "https://registry.yarnpkg.com/yargs-parser/-/yargs-parser-22.0.0.tgz#87b82094051b0567717346ecd00fd14804b357c8"
  integrity sha512-rwu/ClNdSMpkSrUb+d6BRsSkLUq1fmfsY6TOpYzTwvwkg1/NRG85KBy3kq++A8LKQwX6lsu+aWad+2khvuXrqw==

yargs@^18.0.0:
  version "18.0.0"
  resolved "https://registry.yarnpkg.com/yargs/-/yargs-18.0.0.tgz#6c84259806273a746b09f579087b68a3c2d25bd1"
  integrity sha512-4UEqdc2RYGHZc7Doyqkrqiln3p9X2DZVxaGbwhn2pi7MrRagKaOcIKe8L3OxYcbhXLgLFUS3zAYuQjKBQgmuNg==
  dependencies:
    cliui "^9.0.1"
    escalade "^3.1.1"
    get-caller-file "^2.0.5"
    string-width "^7.2.0"
    y18n "^5.0.5"
    yargs-parser "^22.0.0"
