# THIS IS AN AUTOGENERATED FILE. DO NOT EDIT THIS FILE DIRECTLY.
# yarn lockfile v1


husky@^9.0.0:
  version "9.0.6"
  resolved "https://registry.yarnpkg.com/husky/-/husky-9.0.6.tgz#cee0245d60480b12279cf492ec6cfc1aeb7fa759"
  integrity sha512-EEuw/rfTiMjOfuL7pGO/i9otg1u36TXxqjIA6D9qxVjd/UXoDOsLor/BSFf5hTK50shwzCU3aVVwdXDp/lp7RA==
